
Microsoft Visual Studio Solution File, Format Version 12.00
# Visual Studio 15
VisualStudioVersion = 15.0.27703.2047
MinimumVisualStudioVersion = 10.0.40219.1
Project("{8BC9CEB8-8B4A-11D0-8D11-00A0C91BC942}") = "PunterosInteligentes", "PunterosInteligentes\PunterosInteligentes.vcxproj", "{81531139-86C2-4B0D-B011-A3C8ECDD9D95}"
EndProject
Global
	GlobalSection(SolutionConfigurationPlatforms) = preSolution
		Debug|x64 = Debug|x64
		Debug|x86 = Debug|x86
		Release|x64 = Release|x64
		Release|x86 = Release|x86
	EndGlobalSection
	GlobalSection(ProjectConfigurationPlatforms) = postSolution
		{81531139-86C2-4B0D-B011-A3C8ECDD9D95}.Debug|x64.ActiveCfg = Debug|x64
		{81531139-86C2-4B0D-B011-A3C8ECDD9D95}.Debug|x64.Build.0 = Debug|x64
		{81531139-86C2-4B0D-B011-A3C8ECDD9D95}.Debug|x86.ActiveCfg = Debug|Win32
		{81531139-86C2-4B0D-B011-A3C8ECDD9D95}.Debug|x86.Build.0 = Debug|Win32
		{81531139-86C2-4B0D-B011-A3C8ECDD9D95}.Release|x64.ActiveCfg = Release|x64
		{81531139-86C2-4B0D-B011-A3C8ECDD9D95}.Release|x64.Build.0 = Release|x64
		{81531139-86C2-4B0D-B011-A3C8ECDD9D95}.Release|x86.ActiveCfg = Release|Win32
		{81531139-86C2-4B0D-B011-A3C8ECDD9D95}.Release|x86.Build.0 = Release|Win32
	EndGlobalSection
	GlobalSection(SolutionProperties) = preSolution
		HideSolutionNode = FALSE
	EndGlobalSection
	GlobalSection(ExtensibilityGlobals) = postSolution
		SolutionGuid = {FA4AEA01-CEE7-4514-8A83-5FD2DF16CD9C}
	EndGlobalSection
EndGlobal
